
Microsoft Visual Studio Solution File, Format Version 12.00
# Visual Studio 15
VisualStudioVersion = 15.0.27130.2020
MinimumVisualStudioVersion = 10.0.40219.1
Project("{FAE04EC0-301F-11D3-BF4B-00C04F79EFBC}") = "SpotiList", "SpotiList\SpotiList.csproj", "{DA53A41B-71D5-42DC-9472-76792FF2972E}"
EndProject
Global
	GlobalSection(SolutionConfigurationPlatforms) = preSolution
		Debug|Any CPU = Debug|Any CPU
		Release|Any CPU = Release|Any CPU
	EndGlobalSection
	GlobalSection(ProjectConfigurationPlatforms) = postSolution
		{DA53A41B-71D5-42DC-9472-76792FF2972E}.Debug|Any CPU.ActiveCfg = Debug|Any CPU
		{DA53A41B-71D5-42DC-9472-76792FF2972E}.Debug|Any CPU.Build.0 = Debug|Any CPU
		{DA53A41B-71D5-42DC-9472-76792FF2972E}.Release|Any CPU.ActiveCfg = Release|Any CPU
		{DA53A41B-71D5-42DC-9472-76792FF2972E}.Release|Any CPU.Build.0 = Release|Any CPU
	EndGlobalSection
	GlobalSection(SolutionProperties) = preSolution
		HideSolutionNode = FALSE
	EndGlobalSection
	GlobalSection(ExtensibilityGlobals) = postSolution
		SolutionGuid = {715C521A-7588-4B44-BD4D-83531D2D2D91}
	EndGlobalSection
EndGlobal
